# This file is generated by running "yarn install" inside your project.
# Manual changes might be lost - proceed with caution!

__metadata:
  version: 9
  cacheKey: 10c0

"@jkowalleck/playground_yarn4_issye7065@workspace:.":
  version: 0.0.0-use.local
  resolution: "@jkowalleck/playground_yarn4_issye7065@workspace:."
  languageName: unknown
  linkType: soft
